{
  "version": "5",
  "specifiers": {
    "jsr:@denosaurs/plug@1": "1.1.0",
    "jsr:@std/encoding@1": "1.0.5",
    "jsr:@std/fmt@1": "1.0.3",
    "jsr:@std/fs@1": "1.0.5",
    "jsr:@std/path@*": "1.0.8",
    "jsr:@std/path@1": "1.0.8",
    "jsr:@std/path@^1.0.7": "1.0.8",
    "jsr:@webview/webview@*": "0.9.0",
    "npm:preact-render-to-string@*": "6.5.13_preact@10.24.3",
    "npm:preact@*": "10.24.3"
  },
  "jsr": {
    "@denosaurs/plug@1.1.0": {
      "integrity": "eb2f0b7546c7bca2000d8b0282c54d50d91cf6d75cb26a80df25a6de8c4bc044",
      "dependencies": [
        "jsr:@std/encoding",
        "jsr:@std/fmt",
        "jsr:@std/fs",
        "jsr:@std/path@1"
      ]
    },
    "@std/encoding@1.0.5": {
      "integrity": "ecf363d4fc25bd85bd915ff6733a7e79b67e0e7806334af15f4645c569fefc04"
    },
    "@std/fmt@1.0.3": {
      "integrity": "97765c16aa32245ff4e2204ecf7d8562496a3cb8592340a80e7e554e0bb9149f"
    },
    "@std/fs@1.0.5": {
      "integrity": "41806ad6823d0b5f275f9849a2640d87e4ef67c51ee1b8fb02426f55e02fd44e",
      "dependencies": [
        "jsr:@std/path@^1.0.7"
      ]
    },
    "@std/path@1.0.8": {
      "integrity": "548fa456bb6a04d3c1a1e7477986b6cffbce95102d0bb447c67c4ee70e0364be"
    },
    "@webview/webview@0.9.0": {
      "integrity": "a7c4d787aafa43258ff287f71a16679d5ca3d9b65e5d232c60c3985f9ab3e0ce",
      "dependencies": [
        "jsr:@denosaurs/plug"
      ]
    }
  },
  "npm": {
    "preact-render-to-string@6.5.13_preact@10.24.3": {
      "integrity": "sha512-iGPd+hKPMFKsfpR2vL4kJ6ZPcFIoWZEcBf0Dpm3zOpdVvj77aY8RlLiQji5OMrngEyaxGogeakTb54uS2FvA6w==",
      "dependencies": [
        "preact"
      ]
    },
    "preact@10.24.3": {
      "integrity": "sha512-Z2dPnBnMUfyQfSQ+GBdsGa16hz35YmLmtTLhM169uW944hYL6xzTYkJjC07j+Wosz733pMWx0fgON3JNw1jJQA=="
    }
  },
  "redirects": {
    "https://deno.land/x/is_docker/mod.ts": "https://deno.land/x/is_docker@v2.0.0/mod.ts",
    "https://deno.land/x/open/index.ts": "https://deno.land/x/open@v1.0.0/index.ts"
  },
  "remote": {
    "https://deno.land/std@0.215.0/path/_common/assert_path.ts": "2ca275f36ac1788b2acb60fb2b79cb06027198bc2ba6fb7e163efaedde98c297",
    "https://deno.land/std@0.215.0/path/_common/constants.ts": "dc5f8057159f4b48cd304eb3027e42f1148cf4df1fb4240774d3492b5d12ac0c",
    "https://deno.land/std@0.215.0/path/_common/normalize.ts": "684df4aa71a04bbcc346c692c8485594fc8a90b9408dfbc26ff32cf3e0c98cc8",
    "https://deno.land/std@0.215.0/path/_common/normalize_string.ts": "dfdf657a1b1a7db7999f7c575ee7e6b0551d9c20f19486c6c3f5ff428384c965",
    "https://deno.land/std@0.215.0/path/posix/_util.ts": "1e3937da30f080bfc99fe45d7ed23c47dd8585c5e473b2d771380d3a6937cf9d",
    "https://deno.land/std@0.215.0/path/posix/join.ts": "aef88d5fa3650f7516730865dbb951594d1a955b785e2450dbee93b8e32694f3",
    "https://deno.land/std@0.215.0/path/posix/normalize.ts": "baeb49816a8299f90a0237d214cef46f00ba3e95c0d2ceb74205a6a584b58a91",
    "https://deno.land/x/is_docker@v2.0.0/mod.ts": "4c8753346f4afbb6c251d7984a609aa84055559cf713fba828939a5d39c95cd0",
    "https://deno.land/x/is_wsl@v1.1.0/mod.ts": "30996b09376652df7a4d495320e918154906ab94325745c1399e13e658dca5da",
    "https://deno.land/x/nano_jsx@v0.1.0/component.ts": "6bd3dab67754e91308df863e11e2b7945bbe0bf575b4bc529e8a9e02087eb732",
    "https://deno.land/x/nano_jsx@v0.1.0/components/helmet.ts": "59e598dc79c7b18620de175c61eb26f4aeb6905a6654cd63359208a26471541e",
    "https://deno.land/x/nano_jsx@v0.1.0/components/img.ts": "82a9f830394a7d6cd9b789b48fe1e70bc64eb151c4b410a3da74347c06acdae0",
    "https://deno.land/x/nano_jsx@v0.1.0/components/index.ts": "8855ee8302a9a19f38202d4a7ff5b17e22942600da02356bdfbc80c99c5c55f5",
    "https://deno.land/x/nano_jsx@v0.1.0/components/link.ts": "0f0b1c57dc8c466203105062335e0d9ded89a34e75d08b1bbeece198d42021cb",
    "https://deno.land/x/nano_jsx@v0.1.0/components/router.ts": "186e77064a96c31cb66ff1935c93d91904347647fcb13b56b5875ea64905397d",
    "https://deno.land/x/nano_jsx@v0.1.0/components/suspense.ts": "0711b7cdcd42b0b085972eca796d3ba7c436a736e1d2ce17db7e0cd1d3b928f5",
    "https://deno.land/x/nano_jsx@v0.1.0/components/visible.ts": "f19487f7faff0bad38a5549f1efac1df351e83ee4a77ca5886412b439f4b6b53",
    "https://deno.land/x/nano_jsx@v0.1.0/context.ts": "a65018beedf3e1863b96f9d99cf2d471c231a6ae0c77877a77754a398105f9fc",
    "https://deno.land/x/nano_jsx@v0.1.0/core.ts": "9346346ba7ddc52057131953a333c3ffa12e2a93aaceb25dabbab4bf8f1a171c",
    "https://deno.land/x/nano_jsx@v0.1.0/customElementsMode.ts": "61b9688ae89bfcc6109b72eaab4d82a69a8482d89770f3e2c1359b79bf57bb91",
    "https://deno.land/x/nano_jsx@v0.1.0/fragment.ts": "9cfb0dcdcb02d5cc53f027b4b55609e4f9d6d9322b665292e572856f4b688569",
    "https://deno.land/x/nano_jsx@v0.1.0/helpers.ts": "d904aa646534f1c0cf7c05a6c8e02231f906d962acb725c964aedbcf50216d85",
    "https://deno.land/x/nano_jsx@v0.1.0/htm.ts": "d8d9cd4fb4ad4645bff3698c7eb96e7798022c5519d04e709ebde236edde156b",
    "https://deno.land/x/nano_jsx@v0.1.0/htm/build.ts": "9d6b6eb407c0db2d1213a3f9c82efc66a2bec34c89976132ff13e3e095dcaaaf",
    "https://deno.land/x/nano_jsx@v0.1.0/htm/constants.ts": "3f296f87f03bd0ba8d7673884a1f6c4c927a2774648eaa4fd3ca9e3c46c3f7b8",
    "https://deno.land/x/nano_jsx@v0.1.0/htm/index.ts": "29912b9f7a760884fce79caca82649b9772cfa3c3272e0426a4ce377b67d70d5",
    "https://deno.land/x/nano_jsx@v0.1.0/index.ts": "0f39c911a39c61cb39f9bd8a2481500126dcb1b2a826d5b4523dd47a08b6938d",
    "https://deno.land/x/nano_jsx@v0.1.0/jsx.ts": "7d5b4d4a249fba1a42f2016f54f71ca049d96ff490e098db4a19b2a9b197b952",
    "https://deno.land/x/nano_jsx@v0.1.0/lazy.ts": "f8b8a2b915daff1fb70704ffad5171c805f1e28778b5cd0f8c827780762776c4",
    "https://deno.land/x/nano_jsx@v0.1.0/regexDom.ts": "de82fd3110c5a367e3d4ba9b774cfef3baf995deff455edc7363551d79089c90",
    "https://deno.land/x/nano_jsx@v0.1.0/ssr.ts": "1ab6c17f41f612fe409d29d81ce1f17692ff02e5abea6ef4080cabecafc246dd",
    "https://deno.land/x/nano_jsx@v0.1.0/state.ts": "cfc6ca6eb5e65f4cd60717a0a96ce604053bacf6e0b8835afbe22327e9979a1b",
    "https://deno.land/x/nano_jsx@v0.1.0/store.ts": "bf075833a656fc87b2a24c486bb3f77e13f19d6d9efcc42e31ffb6f24ec8eb93",
    "https://deno.land/x/nano_jsx@v0.1.0/types.ts": "fb338d7fa4422a92c442d14e073a2deb01d42b017fcd36013a1f6554e17c5449",
    "https://deno.land/x/nano_jsx@v0.1.0/version.ts": "d7f3813a3b1c490f16e77047483b0dc52cc0cec6cb1b73d6926cf9ad96129a59",
    "https://deno.land/x/nano_jsx@v0.1.0/withStyles.ts": "8aae4c8e79319fe991d49dd8ccc927c221786dfe58de640dba9d9885ce0dd4b7",
    "https://deno.land/x/open@v1.0.0/index.ts": "bb328bed0d9660ccc747fb7e8fc8f85b9c0102b09a56aceb486321837d33af23"
  }
}
